PODS:
  - Alamofire (4.4.0)
  - Fakery (2.0.0)
  - Moya (8.0.3):
    - Moya/Core (= 8.0.3)
  - Moya/Core (8.0.3):
    - Alamofire (~> 4.1)
    - Result (~> 3.0)
  - PersistentSwift (0.3):
    - Moya (= 8.0.3)
    - PromiseKit (= 4.1.7)
    - SwiftyJSON (= 3.1.4)
  - PromiseKit (4.1.7):
    - PromiseKit/Foundation (= 4.1.7)
    - PromiseKit/QuartzCore (= 4.1.7)
    - PromiseKit/UIKit (= 4.1.7)
  - PromiseKit/CorePromise (4.1.7)
  - PromiseKit/Foundation (4.1.7):
    - PromiseKit/CorePromise
  - PromiseKit/QuartzCore (4.1.7):
    - PromiseKit/CorePromise
  - PromiseKit/UIKit (4.1.7):
    - PromiseKit/CorePromise
  - Result (3.2.1)
  - SwiftyJSON (3.1.4)

DEPENDENCIES:
  - Fakery
  - PersistentSwift (from `../`)

EXTERNAL SOURCES:
  PersistentSwift:
    :path: "../"

SPEC CHECKSUMS:
  Alamofire: dc44b1600b800eb63da6a19039a0083d62a6a62d
  Fakery: 97b99c23937d2e025d9135c75e2b17351ccd5031
  Moya: d3721622e3cc0cc2f038d69a258686f0b66e7252
  PersistentSwift: 31fee5ab505e3844e4d8da2975245b096d0bb5dc
  PromiseKit: 779f2e41faf62d854e7593026ddbcb0bb5c5002d
  Result: 2453a22e5c5b11c0c3a478736e82cd02f763b781
  SwiftyJSON: c2842d878f95482ffceec5709abc3d05680c0220

PODFILE CHECKSUM: a352bcd64c4b7f9940437310d0f6dad576831986

COCOAPODS: 1.2.0
